// !$*UTF8*$!
{
	archiveVersion = 1;
	classes = {
	};
	objectVersion = 55;
	objects = {

/* Begin PBXBuildFile section */
		7A9707692756D1720033B125 /* AppDelegate.swift in Sources */ = {isa = PBXBuildFile; fileRef = 7A9707682756D1720033B125 /* AppDelegate.swift */; };
		7A97076B2756D1720033B125 /* SceneDelegate.swift in Sources */ = {isa = PBXBuildFile; fileRef = 7A97076A2756D1720033B125 /* SceneDelegate.swift */; };
		7A97076D2756D1720033B125 /* ViewController.swift in Sources */ = {isa = PBXBuildFile; fileRef = 7A97076C2756D1720033B125 /* ViewController.swift */; };
		7A9707702756D1720033B125 /* Main.storyboard in Resources */ = {isa = PBXBuildFile; fileRef = 7A97076E2756D1720033B125 /* Main.storyboard */; };
		7A9707732756D1720033B125 /* ThePharmacy.xcdatamodeld in Sources */ = {isa = PBXBuildFile; fileRef = 7A9707712756D1720033B125 /* ThePharmacy.xcdatamodeld */; };
		7A9707752756D1730033B125 /* Assets.xcassets in Resources */ = {isa = PBXBuildFile; fileRef = 7A9707742756D1730033B125 /* Assets.xcassets */; };
		7A9707782756D1730033B125 /* LaunchScreen.storyboard in Resources */ = {isa = PBXBuildFile; fileRef = 7A9707762756D1730033B125 /* LaunchScreen.storyboard */; };
		7A9707832756D1730033B125 /* ThePharmacyTests.swift in Sources */ = {isa = PBXBuildFile; fileRef = 7A9707822756D1730033B125 /* ThePharmacyTests.swift */; };
		7A97078D2756D1730033B125 /* ThePharmacyUITests.swift in Sources */ = {isa = PBXBuildFile; fileRef = 7A97078C2756D1730033B125 /* ThePharmacyUITests.swift */; };
		7A97078F2756D1730033B125 /* ThePharmacyUITestsLaunchTests.swift in Sources */ = {isa = PBXBuildFile; fileRef = 7A97078E2756D1730033B125 /* ThePharmacyUITestsLaunchTests.swift */; };
/* End PBXBuildFile section */

/* Begin PBXContainerItemProxy section */
		7A97077F2756D1730033B125 /* PBXContainerItemProxy */ = {
			isa = PBXContainerItemProxy;
			containerPortal = 7A97075D2756D1710033B125 /* Project object */;
			proxyType = 1;
			remoteGlobalIDString = 7A9707642756D1720033B125;
			remoteInfo = ThePharmacy;
		};
		7A9707892756D1730033B125 /* PBXContainerItemProxy */ = {
			isa = PBXContainerItemProxy;
			containerPortal = 7A97075D2756D1710033B125 /* Project object */;
			proxyType = 1;
			remoteGlobalIDString = 7A9707642756D1720033B125;
			remoteInfo = ThePharmacy;
		};
/* End PBXContainerItemProxy section */

/* Begin PBXFileReference section */
		7A9707652756D1720033B125 /* ThePharmacy.app */ = {isa = PBXFileReference; explicitFileType = wrapper.application; includeInIndex = 0; path = ThePharmacy.app; sourceTree = BUILT_PRODUCTS_DIR; };
		7A9707682756D1720033B125 /* AppDelegate.swift */ = {isa = PBXFileReference; lastKnownFileType = sourcecode.swift; path = AppDelegate.swift; sourceTree = "<group>"; };
		7A97076A2756D1720033B125 /* SceneDelegate.swift */ = {isa = PBXFileReference; lastKnownFileType = sourcecode.swift; path = SceneDelegate.swift; sourceTree = "<group>"; };
		7A97076C2756D1720033B125 /* ViewController.swift */ = {isa = PBXFileReference; lastKnownFileType = sourcecode.swift; path = ViewController.swift; sourceTree = "<group>"; };
		7A97076F2756D1720033B125 /* Base */ = {isa = PBXFileReference; lastKnownFileType = file.storyboard; name = Base; path = Base.lproj/Main.storyboard; sourceTree = "<group>"; };
		7A9707722756D1720033B125 /* ThePharmacy.xcdatamodel */ = {isa = PBXFileReference; lastKnownFileType = wrapper.xcdatamodel; path = ThePharmacy.xcdatamodel; sourceTree = "<group>"; };
		7A9707742756D1730033B125 /* Assets.xcassets */ = {isa = PBXFileReference; lastKnownFileType = folder.assetcatalog; path = Assets.xcassets; sourceTree = "<group>"; };
		7A9707772756D1730033B125 /* Base */ = {isa = PBXFileReference; lastKnownFileType = file.storyboard; name = Base; path = Base.lproj/LaunchScreen.storyboard; sourceTree = "<group>"; };
		7A9707792756D1730033B125 /* Info.plist */ = {isa = PBXFileReference; lastKnownFileType = text.plist.xml; path = Info.plist; sourceTree = "<group>"; };
		7A97077E2756D1730033B125 /* ThePharmacyTests.xctest */ = {isa = PBXFileReference; explicitFileType = wrapper.cfbundle; includeInIndex = 0; path = ThePharmacyTests.xctest; sourceTree = BUILT_PRODUCTS_DIR; };
		7A9707822756D1730033B125 /* ThePharmacyTests.swift */ = {isa = PBXFileReference; lastKnownFileType = sourcecode.swift; path = ThePharmacyTests.swift; sourceTree = "<group>"; };
		7A9707882756D1730033B125 /* ThePharmacyUITests.xctest */ = {isa = PBXFileReference; explicitFileType = wrapper.cfbundle; includeInIndex = 0; path = ThePharmacyUITests.xctest; sourceTree = BUILT_PRODUCTS_DIR; };
		7A97078C2756D1730033B125 /* ThePharmacyUITests.swift */ = {isa = PBXFileReference; lastKnownFileType = sourcecode.swift; path = ThePharmacyUITests.swift; sourceTree = "<group>"; };
		7A97078E2756D1730033B125 /* ThePharmacyUITestsLaunchTests.swift */ = {isa = PBXFileReference; lastKnownFileType = sourcecode.swift; path = ThePharmacyUITestsLaunchTests.swift; sourceTree = "<group>"; };
/* End PBXFileReference section */

/* Begin PBXFrameworksBuildPhase section */
		7A9707622756D1720033B125 /* Frameworks */ = {
			isa = PBXFrameworksBuildPhase;
			buildActionMask = 2147483647;
			files = (
			);
			runOnlyForDeploymentPostprocessing = 0;
		};
		7A97077B2756D1730033B125 /* Frameworks */ = {
			isa = PBXFrameworksBuildPhase;
			buildActionMask = 2147483647;
			files = (
			);
			runOnlyForDeploymentPostprocessing = 0;
		};
		7A9707852756D1730033B125 /* Frameworks */ = {
			isa = PBXFrameworksBuildPhase;
			buildActionMask = 2147483647;
			files = (
			);
			runOnlyForDeploymentPostprocessing = 0;
		};
/* End PBXFrameworksBuildPhase section */

/* Begin PBXGroup section */
		7A97075C2756D1710033B125 = {
			isa = PBXGroup;
			children = (
				7A9707672756D1720033B125 /* ThePharmacy */,
				7A9707812756D1730033B125 /* ThePharmacyTests */,
				7A97078B2756D1730033B125 /* ThePharmacyUITests */,
				7A9707662756D1720033B125 /* Products */,
			);
			sourceTree = "<group>";
		};
		7A9707662756D1720033B125 /* Products */ = {
			isa = PBXGroup;
			children = (
				7A9707652756D1720033B125 /* ThePharmacy.app */,
				7A97077E2756D1730033B125 /* ThePharmacyTests.xctest */,
				7A9707882756D1730033B125 /* ThePharmacyUITests.xctest */,
			);
			name = Products;
			sourceTree = "<group>";
		};
		7A9707672756D1720033B125 /* ThePharmacy */ = {
			isa = PBXGroup;
			children = (
				7A9707682756D1720033B125 /* AppDelegate.swift */,
				7A97076A2756D1720033B125 /* SceneDelegate.swift */,
				7A97076C2756D1720033B125 /* ViewController.swift */,
				7A97076E2756D1720033B125 /* Main.storyboard */,
				7A9707742756D1730033B125 /* Assets.xcassets */,
				7A9707762756D1730033B125 /* LaunchScreen.storyboard */,
				7A9707792756D1730033B125 /* Info.plist */,
				7A9707712756D1720033B125 /* ThePharmacy.xcdatamodeld */,
			);
			path = ThePharmacy;
			sourceTree = "<group>";
		};
		7A9707812756D1730033B125 /* ThePharmacyTests */ = {
			isa = PBXGroup;
			children = (
				7A9707822756D1730033B125 /* ThePharmacyTests.swift */,
			);
			path = ThePharmacyTests;
			sourceTree = "<group>";
		};
		7A97078B2756D1730033B125 /* ThePharmacyUITests */ = {
			isa = PBXGroup;
			children = (
				7A97078C2756D1730033B125 /* ThePharmacyUITests.swift */,
				7A97078E2756D1730033B125 /* ThePharmacyUITestsLaunchTests.swift */,
			);
			path = ThePharmacyUITests;
			sourceTree = "<group>";
		};
/* End PBXGroup section */

/* Begin PBXNativeTarget section */
		7A9707642756D1720033B125 /* ThePharmacy */ = {
			isa = PBXNativeTarget;
			buildConfigurationList = 7A9707922756D1730033B125 /* Build configuration list for PBXNativeTarget "ThePharmacy" */;
			buildPhases = (
				7A9707612756D1720033B125 /* Sources */,
				7A9707622756D1720033B125 /* Frameworks */,
				7A9707632756D1720033B125 /* Resources */,
			);
			buildRules = (
			);
			dependencies = (
			);
			name = ThePharmacy;
			productName = ThePharmacy;
			productReference = 7A9707652756D1720033B125 /* ThePharmacy.app */;
			productType = "com.apple.product-type.application";
		};
		7A97077D2756D1730033B125 /* ThePharmacyTests */ = {
			isa = PBXNativeTarget;
			buildConfigurationList = 7A9707952756D1730033B125 /* Build configuration list for PBXNativeTarget "ThePharmacyTests" */;
			buildPhases = (
				7A97077A2756D1730033B125 /* Sources */,
				7A97077B2756D1730033B125 /* Frameworks */,
				7A97077C2756D1730033B125 /* Resources */,
			);
			buildRules = (
			);
			dependencies = (
				7A9707802756D1730033B125 /* PBXTargetDependency */,
			);
			name = ThePharmacyTests;
			productName = ThePharmacyTests;
			productReference = 7A97077E2756D1730033B125 /* ThePharmacyTests.xctest */;
			productType = "com.apple.product-type.bundle.unit-test";
		};
		7A9707872756D1730033B125 /* ThePharmacyUITests */ = {
			isa = PBXNativeTarget;
			buildConfigurationList = 7A9707982756D1730033B125 /* Build configuration list for PBXNativeTarget "ThePharmacyUITests" */;
			buildPhases = (
				7A9707842756D1730033B125 /* Sources */,
				7A9707852756D1730033B125 /* Frameworks */,
				7A9707862756D1730033B125 /* Resources */,
			);
			buildRules = (
			);
			dependencies = (
				7A97078A2756D1730033B125 /* PBXTargetDependency */,
			);
			name = ThePharmacyUITests;
			productName = ThePharmacyUITests;
			productReference = 7A9707882756D1730033B125 /* ThePharmacyUITests.xctest */;
			productType = "com.apple.product-type.bundle.ui-testing";
		};
/* End PBXNativeTarget section */

/* Begin PBXProject section */
		7A97075D2756D1710033B125 /* Project object */ = {
			isa = PBXProject;
			attributes = {
				BuildIndependentTargetsInParallel = 1;
				LastSwiftUpdateCheck = 1310;
				LastUpgradeCheck = 1310;
				TargetAttributes = {
					7A9707642756D1720033B125 = {
						CreatedOnToolsVersion = 13.1;
					};
					7A97077D2756D1730033B125 = {
						CreatedOnToolsVersion = 13.1;
						TestTargetID = 7A9707642756D1720033B125;
					};
					7A9707872756D1730033B125 = {
						CreatedOnToolsVersion = 13.1;
						TestTargetID = 7A9707642756D1720033B125;
					};
				};
			};
			buildConfigurationList = 7A9707602756D1710033B125 /* Build configuration list for PBXProject "ThePharmacy" */;
			compatibilityVersion = "Xcode 13.0";
			developmentRegion = en;
			hasScannedForEncodings = 0;
			knownRegions = (
				en,
				Base,
			);
			mainGroup = 7A97075C2756D1710033B125;
			productRefGroup = 7A9707662756D1720033B125 /* Products */;
			projectDirPath = "";
			projectRoot = "";
			targets = (
				7A9707642756D1720033B125 /* ThePharmacy */,
				7A97077D2756D1730033B125 /* ThePharmacyTests */,
				7A9707872756D1730033B125 /* ThePharmacyUITests */,
			);
		};
/* End PBXProject section */

/* Begin PBXResourcesBuildPhase section */
		7A9707632756D1720033B125 /* Resources */ = {
			isa = PBXResourcesBuildPhase;
			buildActionMask = 2147483647;
			files = (
				7A9707782756D1730033B125 /* LaunchScreen.storyboard in Resources */,
				7A9707752756D1730033B125 /* Assets.xcassets in Resources */,
				7A9707702756D1720033B125 /* Main.storyboard in Resources */,
			);
			runOnlyForDeploymentPostprocessing = 0;
		};
		7A97077C2756D1730033B125 /* Resources */ = {
			isa = PBXResourcesBuildPhase;
			buildActionMask = 2147483647;
			files = (
			);
			runOnlyForDeploymentPostprocessing = 0;
		};
		7A9707862756D1730033B125 /* Resources */ = {
			isa = PBXResourcesBuildPhase;
			buildActionMask = 2147483647;
			files = (
			);
			runOnlyForDeploymentPostprocessing = 0;
		};
/* End PBXResourcesBuildPhase section */

/* Begin PBXSourcesBuildPhase section */
		7A9707612756D1720033B125 /* Sources */ = {
			isa = PBXSourcesBuildPhase;
			buildActionMask = 2147483647;
			files = (
				7A97076D2756D1720033B125 /* ViewController.swift in Sources */,
				7A9707692756D1720033B125 /* AppDelegate.swift in Sources */,
				7A9707732756D1720033B125 /* ThePharmacy.xcdatamodeld in Sources */,
				7A97076B2756D1720033B125 /* SceneDelegate.swift in Sources */,
			);
			runOnlyForDeploymentPostprocessing = 0;
		};
		7A97077A2756D1730033B125 /* Sources */ = {
			isa = PBXSourcesBuildPhase;
			buildActionMask = 2147483647;
			files = (
				7A9707832756D1730033B125 /* ThePharmacyTests.swift in Sources */,
			);
			runOnlyForDeploymentPostprocessing = 0;
		};
		7A9707842756D1730033B125 /* Sources */ = {
			isa = PBXSourcesBuildPhase;
			buildActionMask = 2147483647;
			files = (
				7A97078D2756D1730033B125 /* ThePharmacyUITests.swift in Sources */,
				7A97078F2756D1730033B125 /* ThePharmacyUITestsLaunchTests.swift in Sources */,
			);
			runOnlyForDeploymentPostprocessing = 0;
		};
/* End PBXSourcesBuildPhase section */

/* Begin PBXTargetDependency section */
		7A9707802756D1730033B125 /* PBXTargetDependency */ = {
			isa = PBXTargetDependency;
			target = 7A9707642756D1720033B125 /* ThePharmacy */;
			targetProxy = 7A97077F2756D1730033B125 /* PBXContainerItemProxy */;
		};
		7A97078A2756D1730033B125 /* PBXTargetDependency */ = {
			isa = PBXTargetDependency;
			target = 7A9707642756D1720033B125 /* ThePharmacy */;
			targetProxy = 7A9707892756D1730033B125 /* PBXContainerItemProxy */;
		};
/* End PBXTargetDependency section */

/* Begin PBXVariantGroup section */
		7A97076E2756D1720033B125 /* Main.storyboard */ = {
			isa = PBXVariantGroup;
			children = (
				7A97076F2756D1720033B125 /* Base */,
			);
			name = Main.storyboard;
			sourceTree = "<group>";
		};
		7A9707762756D1730033B125 /* LaunchScreen.storyboard */ = {
			isa = PBXVariantGroup;
			children = (
				7A9707772756D1730033B125 /* Base */,
			);
			name = LaunchScreen.storyboard;
			sourceTree = "<group>";
		};
/* End PBXVariantGroup section */

/* Begin XCBuildConfiguration section */
		7A9707902756D1730033B125 /* Debug */ = {
			isa = XCBuildConfiguration;
			buildSettings = {
				ALWAYS_SEARCH_USER_PATHS = NO;
				CLANG_ANALYZER_NONNULL = YES;
				CLANG_ANALYZER_NUMBER_OBJECT_CONVERSION = YES_AGGRESSIVE;
				CLANG_CXX_LANGUAGE_STANDARD = "gnu++17";
				CLANG_CXX_LIBRARY = "libc++";
				CLANG_ENABLE_MODULES = YES;
				CLANG_ENABLE_OBJC_ARC = YES;
				CLANG_ENABLE_OBJC_WEAK = YES;
				CLANG_WARN_BLOCK_CAPTURE_AUTORELEASING = YES;
				CLANG_WARN_BOOL_CONVERSION = YES;
				CLANG_WARN_COMMA = YES;
				CLANG_WARN_CONSTANT_CONVERSION = YES;
				CLANG_WARN_DEPRECATED_OBJC_IMPLEMENTATIONS = YES;
				CLANG_WARN_DIRECT_OBJC_ISA_USAGE = YES_ERROR;
				CLANG_WARN_DOCUMENTATION_COMMENTS = YES;
				CLANG_WARN_EMPTY_BODY = YES;
				CLANG_WARN_ENUM_CONVERSION = YES;
				CLANG_WARN_INFINITE_RECURSION = YES;
				CLANG_WARN_INT_CONVERSION = YES;
				CLANG_WARN_NON_LITERAL_NULL_CONVERSION = YES;
				CLANG_WARN_OBJC_IMPLICIT_RETAIN_SELF = YES;
				CLANG_WARN_OBJC_LITERAL_CONVERSION = YES;
				CLANG_WARN_OBJC_ROOT_CLASS = YES_ERROR;
				CLANG_WARN_QUOTED_INCLUDE_IN_FRAMEWORK_HEADER = YES;
				CLANG_WARN_RANGE_LOOP_ANALYSIS = YES;
				CLANG_WARN_STRICT_PROTOTYPES = YES;
				CLANG_WARN_SUSPICIOUS_MOVE = YES;
				CLANG_WARN_UNGUARDED_AVAILABILITY = YES_AGGRESSIVE;
				CLANG_WARN_UNREACHABLE_CODE = YES;
				CLANG_WARN__DUPLICATE_METHOD_MATCH = YES;
				COPY_PHASE_STRIP = NO;
				DEBUG_INFORMATION_FORMAT = dwarf;
				ENABLE_STRICT_OBJC_MSGSEND = YES;
				ENABLE_TESTABILITY = YES;
				GCC_C_LANGUAGE_STANDARD = gnu11;
				GCC_DYNAMIC_NO_PIC = NO;
				GCC_NO_COMMON_BLOCKS = YES;
				GCC_OPTIMIZATION_LEVEL = 0;
				GCC_PREPROCESSOR_DEFINITIONS = (
					"DEBUG=1",
					"$(inherited)",
				);
				GCC_WARN_64_TO_32_BIT_CONVERSION = YES;
				GCC_WARN_ABOUT_RETURN_TYPE = YES_ERROR;
				GCC_WARN_UNDECLARED_SELECTOR = YES;
				GCC_WARN_UNINITIALIZED_AUTOS = YES_AGGRESSIVE;
				GCC_WARN_UNUSED_FUNCTION = YES;
				GCC_WARN_UNUSED_VARIABLE = YES;
				IPHONEOS_DEPLOYMENT_TARGET = 15.0;
				MTL_ENABLE_DEBUG_INFO = INCLUDE_SOURCE;
				MTL_FAST_MATH = YES;
				ONLY_ACTIVE_ARCH = YES;
				SDKROOT = iphoneos;
				SWIFT_ACTIVE_COMPILATION_CONDITIONS = DEBUG;
				SWIFT_OPTIMIZATION_LEVEL = "-Onone";
			};
			name = Debug;
		};
		7A9707912756D1730033B125 /* Release */ = {
			isa = XCBuildConfiguration;
			buildSettings = {
				ALWAYS_SEARCH_USER_PATHS = NO;
				CLANG_ANALYZER_NONNULL = YES;
				CLANG_ANALYZER_NUMBER_OBJECT_CONVERSION = YES_AGGRESSIVE;
				CLANG_CXX_LANGUAGE_STANDARD = "gnu++17";
				CLANG_CXX_LIBRARY = "libc++";
				CLANG_ENABLE_MODULES = YES;
				CLANG_ENABLE_OBJC_ARC = YES;
				CLANG_ENABLE_OBJC_WEAK = YES;
				CLANG_WARN_BLOCK_CAPTURE_AUTORELEASING = YES;
				CLANG_WARN_BOOL_CONVERSION = YES;
				CLANG_WARN_COMMA = YES;
				CLANG_WARN_CONSTANT_CONVERSION = YES;
				CLANG_WARN_DEPRECATED_OBJC_IMPLEMENTATIONS = YES;
				CLANG_WARN_DIRECT_OBJC_ISA_USAGE = YES_ERROR;
				CLANG_WARN_DOCUMENTATION_COMMENTS = YES;
				CLANG_WARN_EMPTY_BODY = YES;
				CLANG_WARN_ENUM_CONVERSION = YES;
				CLANG_WARN_INFINITE_RECURSION = YES;
				CLANG_WARN_INT_CONVERSION = YES;
				CLANG_WARN_NON_LITERAL_NULL_CONVERSION = YES;
				CLANG_WARN_OBJC_IMPLICIT_RETAIN_SELF = YES;
				CLANG_WARN_OBJC_LITERAL_CONVERSION = YES;
				CLANG_WARN_OBJC_ROOT_CLASS = YES_ERROR;
				CLANG_WARN_QUOTED_INCLUDE_IN_FRAMEWORK_HEADER = YES;
				CLANG_WARN_RANGE_LOOP_ANALYSIS = YES;
				CLANG_WARN_STRICT_PROTOTYPES = YES;
				CLANG_WARN_SUSPICIOUS_MOVE = YES;
				CLANG_WARN_UNGUARDED_AVAILABILITY = YES_AGGRESSIVE;
				CLANG_WARN_UNREACHABLE_CODE = YES;
				CLANG_WARN__DUPLICATE_METHOD_MATCH = YES;
				COPY_PHASE_STRIP = NO;
				DEBUG_INFORMATION_FORMAT = "dwarf-with-dsym";
				ENABLE_NS_ASSERTIONS = NO;
				ENABLE_STRICT_OBJC_MSGSEND = YES;
				GCC_C_LANGUAGE_STANDARD = gnu11;
				GCC_NO_COMMON_BLOCKS = YES;
				GCC_WARN_64_TO_32_BIT_CONVERSION = YES;
				GCC_WARN_ABOUT_RETURN_TYPE = YES_ERROR;
				GCC_WARN_UNDECLARED_SELECTOR = YES;
				GCC_WARN_UNINITIALIZED_AUTOS = YES_AGGRESSIVE;
				GCC_WARN_UNUSED_FUNCTION = YES;
				GCC_WARN_UNUSED_VARIABLE = YES;
				IPHONEOS_DEPLOYMENT_TARGET = 15.0;
				MTL_ENABLE_DEBUG_INFO = NO;
				MTL_FAST_MATH = YES;
				SDKROOT = iphoneos;
				SWIFT_COMPILATION_MODE = wholemodule;
				SWIFT_OPTIMIZATION_LEVEL = "-O";
				VALIDATE_PRODUCT = YES;
			};
			name = Release;
		};
		7A9707932756D1730033B125 /* Debug */ = {
			isa = XCBuildConfiguration;
			buildSettings = {
				ASSETCATALOG_COMPILER_APPICON_NAME = AppIcon;
				ASSETCATALOG_COMPILER_GLOBAL_ACCENT_COLOR_NAME = AccentColor;
				CODE_SIGN_STYLE = Automatic;
				CURRENT_PROJECT_VERSION = 1;
				DEVELOPMENT_TEAM = 4DKEX8NYQS;
				GENERATE_INFOPLIST_FILE = YES;
				INFOPLIST_FILE = ThePharmacy/Info.plist;
				INFOPLIST_KEY_UIApplicationSupportsIndirectInputEvents = YES;
				INFOPLIST_KEY_UILaunchStoryboardName = LaunchScreen;
				INFOPLIST_KEY_UIMainStoryboardFile = Main;
				INFOPLIST_KEY_UISupportedInterfaceOrientations_iPad = "UIInterfaceOrientationPortrait UIInterfaceOrientationPortraitUpsideDown UIInterfaceOrientationLandscapeLeft UIInterfaceOrientationLandscapeRight";
				INFOPLIST_KEY_UISupportedInterfaceOrientations_iPhone = "UIInterfaceOrientationPortrait UIInterfaceOrientationLandscapeLeft UIInterfaceOrientationLandscapeRight";
				LD_RUNPATH_SEARCH_PATHS = (
					"$(inherited)",
					"@executable_path/Frameworks",
				);
				MARKETING_VERSION = 1.0;
				PRODUCT_BUNDLE_IDENTIFIER = com.MS.ThePharmacy;
				PRODUCT_NAME = "$(TARGET_NAME)";
				SWIFT_EMIT_LOC_STRINGS = YES;
				SWIFT_VERSION = 5.0;
				TARGETED_DEVICE_FAMILY = "1,2";
			};
			name = Debug;
		};
		7A9707942756D1730033B125 /* Release */ = {
			isa = XCBuildConfiguration;
			buildSettings = {
				ASSETCATALOG_COMPILER_APPICON_NAME = AppIcon;
				ASSETCATALOG_COMPILER_GLOBAL_ACCENT_COLOR_NAME = AccentColor;
				CODE_SIGN_STYLE = Automatic;
				CURRENT_PROJECT_VERSION = 1;
				DEVELOPMENT_TEAM = 4DKEX8NYQS;
				GENERATE_INFOPLIST_FILE = YES;
				INFOPLIST_FILE = ThePharmacy/Info.plist;
				INFOPLIST_KEY_UIApplicationSupportsIndirectInputEvents = YES;
				INFOPLIST_KEY_UILaunchStoryboardName = LaunchScreen;
				INFOPLIST_KEY_UIMainStoryboardFile = Main;
				INFOPLIST_KEY_UISupportedInterfaceOrientations_iPad = "UIInterfaceOrientationPortrait UIInterfaceOrientationPortraitUpsideDown UIInterfaceOrientationLandscapeLeft UIInterfaceOrientationLandscapeRight";
				INFOPLIST_KEY_UISupportedInterfaceOrientations_iPhone = "UIInterfaceOrientationPortrait UIInterfaceOrientationLandscapeLeft UIInterfaceOrientationLandscapeRight";
				LD_RUNPATH_SEARCH_PATHS = (
					"$(inherited)",
					"@executable_path/Frameworks",
				);
				MARKETING_VERSION = 1.0;
				PRODUCT_BUNDLE_IDENTIFIER = com.MS.ThePharmacy;
				PRODUCT_NAME = "$(TARGET_NAME)";
				SWIFT_EMIT_LOC_STRINGS = YES;
				SWIFT_VERSION = 5.0;
				TARGETED_DEVICE_FAMILY = "1,2";
			};
			name = Release;
		};
		7A9707962756D1730033B125 /* Debug */ = {
			isa = XCBuildConfiguration;
			buildSettings = {
				ALWAYS_EMBED_SWIFT_STANDARD_LIBRARIES = YES;
				BUNDLE_LOADER = "$(TEST_HOST)";
				CODE_SIGN_STYLE = Automatic;
				CURRENT_PROJECT_VERSION = 1;
				DEVELOPMENT_TEAM = 4DKEX8NYQS;
				GENERATE_INFOPLIST_FILE = YES;
				IPHONEOS_DEPLOYMENT_TARGET = 15.0;
				LD_RUNPATH_SEARCH_PATHS = (
					"$(inherited)",
					"@executable_path/Frameworks",
					"@loader_path/Frameworks",
				);
				MARKETING_VERSION = 1.0;
				PRODUCT_BUNDLE_IDENTIFIER = com.MS.ThePharmacyTests;
				PRODUCT_NAME = "$(TARGET_NAME)";
				SWIFT_EMIT_LOC_STRINGS = NO;
				SWIFT_VERSION = 5.0;
				TARGETED_DEVICE_FAMILY = "1,2";
				TEST_HOST = "$(BUILT_PRODUCTS_DIR)/ThePharmacy.app/ThePharmacy";
			};
			name = Debug;
		};
		7A9707972756D1730033B125 /* Release */ = {
			isa = XCBuildConfiguration;
			buildSettings = {
				ALWAYS_EMBED_SWIFT_STANDARD_LIBRARIES = YES;
				BUNDLE_LOADER = "$(TEST_HOST)";
				CODE_SIGN_STYLE = Automatic;
				CURRENT_PROJECT_VERSION = 1;
				DEVELOPMENT_TEAM = 4DKEX8NYQS;
				GENERATE_INFOPLIST_FILE = YES;
				IPHONEOS_DEPLOYMENT_TARGET = 15.0;
				LD_RUNPATH_SEARCH_PATHS = (
					"$(inherited)",
					"@executable_path/Frameworks",
					"@loader_path/Frameworks",
				);
				MARKETING_VERSION = 1.0;
				PRODUCT_BUNDLE_IDENTIFIER = com.MS.ThePharmacyTests;
				PRODUCT_NAME = "$(TARGET_NAME)";
				SWIFT_EMIT_LOC_STRINGS = NO;
				SWIFT_VERSION = 5.0;
				TARGETED_DEVICE_FAMILY = "1,2";
				TEST_HOST = "$(BUILT_PRODUCTS_DIR)/ThePharmacy.app/ThePharmacy";
			};
			name = Release;
		};
		7A9707992756D1730033B125 /* Debug */ = {
			isa = XCBuildConfiguration;
			buildSettings = {
				ALWAYS_EMBED_SWIFT_STANDARD_LIBRARIES = YES;
				CODE_SIGN_STYLE = Automatic;
				CURRENT_PROJECT_VERSION = 1;
				DEVELOPMENT_TEAM = 4DKEX8NYQS;
				GENERATE_INFOPLIST_FILE = YES;
				LD_RUNPATH_SEARCH_PATHS = (
					"$(inherited)",
					"@executable_path/Frameworks",
					"@loader_path/Frameworks",
				);
				MARKETING_VERSION = 1.0;
				PRODUCT_BUNDLE_IDENTIFIER = com.MS.ThePharmacyUITests;
				PRODUCT_NAME = "$(TARGET_NAME)";
				SWIFT_EMIT_LOC_STRINGS = NO;
				SWIFT_VERSION = 5.0;
				TARGETED_DEVICE_FAMILY = "1,2";
				TEST_TARGET_NAME = ThePharmacy;
			};
			name = Debug;
		};
		7A97079A2756D1730033B125 /* Release */ = {
			isa = XCBuildConfiguration;
			buildSettings = {
				ALWAYS_EMBED_SWIFT_STANDARD_LIBRARIES = YES;
				CODE_SIGN_STYLE = Automatic;
				CURRENT_PROJECT_VERSION = 1;
				DEVELOPMENT_TEAM = 4DKEX8NYQS;
				GENERATE_INFOPLIST_FILE = YES;
				LD_RUNPATH_SEARCH_PATHS = (
					"$(inherited)",
					"@executable_path/Frameworks",
					"@loader_path/Frameworks",
				);
				MARKETING_VERSION = 1.0;
				PRODUCT_BUNDLE_IDENTIFIER = com.MS.ThePharmacyUITests;
				PRODUCT_NAME = "$(TARGET_NAME)";
				SWIFT_EMIT_LOC_STRINGS = NO;
				SWIFT_VERSION = 5.0;
				TARGETED_DEVICE_FAMILY = "1,2";
				TEST_TARGET_NAME = ThePharmacy;
			};
			name = Release;
		};
/* End XCBuildConfiguration section */

/* Begin XCConfigurationList section */
		7A9707602756D1710033B125 /* Build configuration list for PBXProject "ThePharmacy" */ = {
			isa = XCConfigurationList;
			buildConfigurations = (
				7A9707902756D1730033B125 /* Debug */,
				7A9707912756D1730033B125 /* Release */,
			);
			defaultConfigurationIsVisible = 0;
			defaultConfigurationName = Release;
		};
		7A9707922756D1730033B125 /* Build configuration list for PBXNativeTarget "ThePharmacy" */ = {
			isa = XCConfigurationList;
			buildConfigurations = (
				7A9707932756D1730033B125 /* Debug */,
				7A9707942756D1730033B125 /* Release */,
			);
			defaultConfigurationIsVisible = 0;
			defaultConfigurationName = Release;
		};
		7A9707952756D1730033B125 /* Build configuration list for PBXNativeTarget "ThePharmacyTests" */ = {
			isa = XCConfigurationList;
			buildConfigurations = (
				7A9707962756D1730033B125 /* Debug */,
				7A9707972756D1730033B125 /* Release */,
			);
			defaultConfigurationIsVisible = 0;
			defaultConfigurationName = Release;
		};
		7A9707982756D1730033B125 /* Build configuration list for PBXNativeTarget "ThePharmacyUITests" */ = {
			isa = XCConfigurationList;
			buildConfigurations = (
				7A9707992756D1730033B125 /* Debug */,
				7A97079A2756D1730033B125 /* Release */,
			);
			defaultConfigurationIsVisible = 0;
			defaultConfigurationName = Release;
		};
/* End XCConfigurationList section */

/* Begin XCVersionGroup section */
		7A9707712756D1720033B125 /* ThePharmacy.xcdatamodeld */ = {
			isa = XCVersionGroup;
			children = (
				7A9707722756D1720033B125 /* ThePharmacy.xcdatamodel */,
			);
			currentVersion = 7A9707722756D1720033B125 /* ThePharmacy.xcdatamodel */;
			path = ThePharmacy.xcdatamodeld;
			sourceTree = "<group>";
			versionGroupType = wrapper.xcdatamodel;
		};
/* End XCVersionGroup section */
	};
	rootObject = 7A97075D2756D1710033B125 /* Project object */;
}
